# This file was autogenerated by Stack.
# You should not edit this file by hand.
# For more information, please see the documentation at:
#   https://docs.haskellstack.org/en/stable/lock_files

packages:
- completed:
    hackage: base-noprelude-4.13.0.0@sha256:3cccbfda38e1422ca5cc436d58858ba51ff9114d2ed87915a6569be11e4e5a90,6842
    pantry-tree:
      size: 112
      sha256: 90db92c8401880187ce642c5345407bcbd9546ea235524dd445cab2566ee3db1
  original:
    hackage: base-noprelude-4.13.0.0@sha256:3cccbfda38e1422ca5cc436d58858ba51ff9114d2ed87915a6569be11e4e5a90,6842
- completed:
    hackage: HDBC-2.4.0.3@sha256:99d3de808f53271afb0a8c31adfc99c7ef94f28355aba58bb0c9dffd4376296f,2998
    pantry-tree:
      size: 1004
      sha256: 4a151afa92d9d77a85b5d05583b93744bbec353b995a07daf4a4739211ced292
  original:
    hackage: HDBC-2.4.0.3@sha256:99d3de808f53271afb0a8c31adfc99c7ef94f28355aba58bb0c9dffd4376296f,2998
- completed:
    hackage: HDBC-postgresql-2.4.0.0@sha256:6937915890091bac9da554eb73d939e56ebe080dac2ff006b05a6827687fb1b4,3050
    pantry-tree:
      size: 1611
      sha256: 7548a8f6e70faa3649717dac6b62ded00101a5c9854305ec161cec657e06061f
  original:
    hackage: HDBC-postgresql-2.4.0.0@sha256:6937915890091bac9da554eb73d939e56ebe080dac2ff006b05a6827687fb1b4,3050
- completed:
    hackage: rivet-0.1.0.0@sha256:bf04c14be7bcc58b29a2a10c22e411eca512be55278e8ccdd38e3ab2fbd9a393,646
    pantry-tree:
      size: 199
      sha256: 8ef630b95841439283bff755ef95b0816155090d8105a6dc8b3208a7ab31e903
  original:
    hackage: rivet-0.1.0.0@sha256:bf04c14be7bcc58b29a2a10c22e411eca512be55278e8ccdd38e3ab2fbd9a393,646
- completed:
    hackage: rivet-core-0.2.0.0@sha256:eaffea0ef7911ed38308146d76d23b4544fd140d31ccafe6c072ead8daa8fead,1110
    pantry-tree:
      size: 399
      sha256: 882ffb898af6b3a87eb231197157b346f96f6c4eea9ba25635914eb8c05b0209
  original:
    hackage: rivet-core-0.2.0.0@sha256:eaffea0ef7911ed38308146d76d23b4544fd140d31ccafe6c072ead8daa8fead,1110
- completed:
    hackage: rivet-simple-deploy-0.1.0.0@sha256:ef34f03fae7163bac72ec133e777198e7b50eaca4a6bf940a903bc13502cf4da,774
    pantry-tree:
      size: 232
      sha256: 22d8094a5a49c18c70f2589ccc44d958e5d001472d843f7debdd8e6d782279b7
  original:
    hackage: rivet-simple-deploy-0.1.0.0@sha256:ef34f03fae7163bac72ec133e777198e7b50eaca4a6bf940a903bc13502cf4da,774
- completed:
    hackage: rivet-autoimporter-0.1.0.0@sha256:f9fb4ff0a613c3decdc3729364a73e9ee69735db318f65bfec5d3038b014e5f9,768
    pantry-tree:
      size: 213
      sha256: 75cd727ae232c6ec85421ae278acf6b77d7697fb6edb567868d78f377a8028ce
  original:
    hackage: rivet-autoimporter-0.1.0.0@sha256:f9fb4ff0a613c3decdc3729364a73e9ee69735db318f65bfec5d3038b014e5f9,768
- completed:
    hackage: rivet-adaptor-postgresql-0.1.0.0@sha256:1d99b30d46c4ed6869b5c9f19e78a93dda6af74d0a198975b45aea4eb7884c60,1167
    pantry-tree:
      size: 249
      sha256: b4d6d3998d4ad73a3276fb40e74bbd7ed6bf97f91f2166d10190a56efc9288fc
  original:
    hackage: rivet-adaptor-postgresql-0.1.0.0@sha256:1d99b30d46c4ed6869b5c9f19e78a93dda6af74d0a198975b45aea4eb7884c60,1167
snapshots:
- completed:
    size: 491372
    url: https://raw.githubusercontent.com/commercialhaskell/stackage-snapshots/master/lts/15/5.yaml
    sha256: 1b549cfff328040c382a70a84a2087aac8dab6d778bf92f32a93a771a1980dfc
  original: lts-15.5
